
Microsoft Visual Studio Solution File, Format Version 12.00
# Visual Studio Version 16
VisualStudioVersion = 16.0.30114.105
MinimumVisualStudioVersion = 10.0.40219.1
Project("{2150E333-8FDC-42A3-9474-1A3956D46DE8}") = "src", "src", "{D4ED5145-59CC-409F-8B13-DE1E7C615A8B}"
EndProject
Project("{FAE04EC0-301F-11D3-BF4B-00C04F79EFBC}") = "publy.domain", "src\publy.domain\publy.domain.csproj", "{ADD684F1-6A06-465D-90D7-2990CBD90422}"
EndProject
Project("{FAE04EC0-301F-11D3-BF4B-00C04F79EFBC}") = "publy.core", "src\publy.core\publy.core.csproj", "{BA3BC829-9C49-408E-A001-A5CBA454C6E0}"
EndProject
Project("{FAE04EC0-301F-11D3-BF4B-00C04F79EFBC}") = "publy.infra", "src\publy.infra\publy.infra.csproj", "{8404EA89-A0CE-4F74-891F-F5C8CB8EA4AF}"
EndProject
Project("{FAE04EC0-301F-11D3-BF4B-00C04F79EFBC}") = "publy.services", "src\publy.services\publy.services.csproj", "{AB19950C-FDB1-4E26-B731-756E13AD925A}"
EndProject
Project("{FAE04EC0-301F-11D3-BF4B-00C04F79EFBC}") = "publy.api", "src\publy.api\publy.api.csproj", "{F524CC67-0068-4662-8FDD-5CB6D06FEF1E}"
EndProject
Global
	GlobalSection(SolutionConfigurationPlatforms) = preSolution
		Debug|Any CPU = Debug|Any CPU
		Debug|x64 = Debug|x64
		Debug|x86 = Debug|x86
		Release|Any CPU = Release|Any CPU
		Release|x64 = Release|x64
		Release|x86 = Release|x86
	EndGlobalSection
	GlobalSection(SolutionProperties) = preSolution
		HideSolutionNode = FALSE
	EndGlobalSection
	GlobalSection(ProjectConfigurationPlatforms) = postSolution
		{ADD684F1-6A06-465D-90D7-2990CBD90422}.Debug|Any CPU.ActiveCfg = Debug|Any CPU
		{ADD684F1-6A06-465D-90D7-2990CBD90422}.Debug|Any CPU.Build.0 = Debug|Any CPU
		{ADD684F1-6A06-465D-90D7-2990CBD90422}.Debug|x64.ActiveCfg = Debug|Any CPU
		{ADD684F1-6A06-465D-90D7-2990CBD90422}.Debug|x64.Build.0 = Debug|Any CPU
		{ADD684F1-6A06-465D-90D7-2990CBD90422}.Debug|x86.ActiveCfg = Debug|Any CPU
		{ADD684F1-6A06-465D-90D7-2990CBD90422}.Debug|x86.Build.0 = Debug|Any CPU
		{ADD684F1-6A06-465D-90D7-2990CBD90422}.Release|Any CPU.ActiveCfg = Release|Any CPU
		{ADD684F1-6A06-465D-90D7-2990CBD90422}.Release|Any CPU.Build.0 = Release|Any CPU
		{ADD684F1-6A06-465D-90D7-2990CBD90422}.Release|x64.ActiveCfg = Release|Any CPU
		{ADD684F1-6A06-465D-90D7-2990CBD90422}.Release|x64.Build.0 = Release|Any CPU
		{ADD684F1-6A06-465D-90D7-2990CBD90422}.Release|x86.ActiveCfg = Release|Any CPU
		{ADD684F1-6A06-465D-90D7-2990CBD90422}.Release|x86.Build.0 = Release|Any CPU
		{BA3BC829-9C49-408E-A001-A5CBA454C6E0}.Debug|Any CPU.ActiveCfg = Debug|Any CPU
		{BA3BC829-9C49-408E-A001-A5CBA454C6E0}.Debug|Any CPU.Build.0 = Debug|Any CPU
		{BA3BC829-9C49-408E-A001-A5CBA454C6E0}.Debug|x64.ActiveCfg = Debug|Any CPU
		{BA3BC829-9C49-408E-A001-A5CBA454C6E0}.Debug|x64.Build.0 = Debug|Any CPU
		{BA3BC829-9C49-408E-A001-A5CBA454C6E0}.Debug|x86.ActiveCfg = Debug|Any CPU
		{BA3BC829-9C49-408E-A001-A5CBA454C6E0}.Debug|x86.Build.0 = Debug|Any CPU
		{BA3BC829-9C49-408E-A001-A5CBA454C6E0}.Release|Any CPU.ActiveCfg = Release|Any CPU
		{BA3BC829-9C49-408E-A001-A5CBA454C6E0}.Release|Any CPU.Build.0 = Release|Any CPU
		{BA3BC829-9C49-408E-A001-A5CBA454C6E0}.Release|x64.ActiveCfg = Release|Any CPU
		{BA3BC829-9C49-408E-A001-A5CBA454C6E0}.Release|x64.Build.0 = Release|Any CPU
		{BA3BC829-9C49-408E-A001-A5CBA454C6E0}.Release|x86.ActiveCfg = Release|Any CPU
		{BA3BC829-9C49-408E-A001-A5CBA454C6E0}.Release|x86.Build.0 = Release|Any CPU
		{8404EA89-A0CE-4F74-891F-F5C8CB8EA4AF}.Debug|Any CPU.ActiveCfg = Debug|Any CPU
		{8404EA89-A0CE-4F74-891F-F5C8CB8EA4AF}.Debug|Any CPU.Build.0 = Debug|Any CPU
		{8404EA89-A0CE-4F74-891F-F5C8CB8EA4AF}.Debug|x64.ActiveCfg = Debug|Any CPU
		{8404EA89-A0CE-4F74-891F-F5C8CB8EA4AF}.Debug|x64.Build.0 = Debug|Any CPU
		{8404EA89-A0CE-4F74-891F-F5C8CB8EA4AF}.Debug|x86.ActiveCfg = Debug|Any CPU
		{8404EA89-A0CE-4F74-891F-F5C8CB8EA4AF}.Debug|x86.Build.0 = Debug|Any CPU
		{8404EA89-A0CE-4F74-891F-F5C8CB8EA4AF}.Release|Any CPU.ActiveCfg = Release|Any CPU
		{8404EA89-A0CE-4F74-891F-F5C8CB8EA4AF}.Release|Any CPU.Build.0 = Release|Any CPU
		{8404EA89-A0CE-4F74-891F-F5C8CB8EA4AF}.Release|x64.ActiveCfg = Release|Any CPU
		{8404EA89-A0CE-4F74-891F-F5C8CB8EA4AF}.Release|x64.Build.0 = Release|Any CPU
		{8404EA89-A0CE-4F74-891F-F5C8CB8EA4AF}.Release|x86.ActiveCfg = Release|Any CPU
		{8404EA89-A0CE-4F74-891F-F5C8CB8EA4AF}.Release|x86.Build.0 = Release|Any CPU
		{AB19950C-FDB1-4E26-B731-756E13AD925A}.Debug|Any CPU.ActiveCfg = Debug|Any CPU
		{AB19950C-FDB1-4E26-B731-756E13AD925A}.Debug|Any CPU.Build.0 = Debug|Any CPU
		{AB19950C-FDB1-4E26-B731-756E13AD925A}.Debug|x64.ActiveCfg = Debug|Any CPU
		{AB19950C-FDB1-4E26-B731-756E13AD925A}.Debug|x64.Build.0 = Debug|Any CPU
		{AB19950C-FDB1-4E26-B731-756E13AD925A}.Debug|x86.ActiveCfg = Debug|Any CPU
		{AB19950C-FDB1-4E26-B731-756E13AD925A}.Debug|x86.Build.0 = Debug|Any CPU
		{AB19950C-FDB1-4E26-B731-756E13AD925A}.Release|Any CPU.ActiveCfg = Release|Any CPU
		{AB19950C-FDB1-4E26-B731-756E13AD925A}.Release|Any CPU.Build.0 = Release|Any CPU
		{AB19950C-FDB1-4E26-B731-756E13AD925A}.Release|x64.ActiveCfg = Release|Any CPU
		{AB19950C-FDB1-4E26-B731-756E13AD925A}.Release|x64.Build.0 = Release|Any CPU
		{AB19950C-FDB1-4E26-B731-756E13AD925A}.Release|x86.ActiveCfg = Release|Any CPU
		{AB19950C-FDB1-4E26-B731-756E13AD925A}.Release|x86.Build.0 = Release|Any CPU
		{F524CC67-0068-4662-8FDD-5CB6D06FEF1E}.Debug|Any CPU.ActiveCfg = Debug|Any CPU
		{F524CC67-0068-4662-8FDD-5CB6D06FEF1E}.Debug|Any CPU.Build.0 = Debug|Any CPU
		{F524CC67-0068-4662-8FDD-5CB6D06FEF1E}.Debug|x64.ActiveCfg = Debug|Any CPU
		{F524CC67-0068-4662-8FDD-5CB6D06FEF1E}.Debug|x64.Build.0 = Debug|Any CPU
		{F524CC67-0068-4662-8FDD-5CB6D06FEF1E}.Debug|x86.ActiveCfg = Debug|Any CPU
		{F524CC67-0068-4662-8FDD-5CB6D06FEF1E}.Debug|x86.Build.0 = Debug|Any CPU
		{F524CC67-0068-4662-8FDD-5CB6D06FEF1E}.Release|Any CPU.ActiveCfg = Release|Any CPU
		{F524CC67-0068-4662-8FDD-5CB6D06FEF1E}.Release|Any CPU.Build.0 = Release|Any CPU
		{F524CC67-0068-4662-8FDD-5CB6D06FEF1E}.Release|x64.ActiveCfg = Release|Any CPU
		{F524CC67-0068-4662-8FDD-5CB6D06FEF1E}.Release|x64.Build.0 = Release|Any CPU
		{F524CC67-0068-4662-8FDD-5CB6D06FEF1E}.Release|x86.ActiveCfg = Release|Any CPU
		{F524CC67-0068-4662-8FDD-5CB6D06FEF1E}.Release|x86.Build.0 = Release|Any CPU
	EndGlobalSection
	GlobalSection(NestedProjects) = preSolution
		{ADD684F1-6A06-465D-90D7-2990CBD90422} = {D4ED5145-59CC-409F-8B13-DE1E7C615A8B}
		{BA3BC829-9C49-408E-A001-A5CBA454C6E0} = {D4ED5145-59CC-409F-8B13-DE1E7C615A8B}
		{8404EA89-A0CE-4F74-891F-F5C8CB8EA4AF} = {D4ED5145-59CC-409F-8B13-DE1E7C615A8B}
		{AB19950C-FDB1-4E26-B731-756E13AD925A} = {D4ED5145-59CC-409F-8B13-DE1E7C615A8B}
		{F524CC67-0068-4662-8FDD-5CB6D06FEF1E} = {D4ED5145-59CC-409F-8B13-DE1E7C615A8B}
	EndGlobalSection
EndGlobal
