
Microsoft Visual Studio Solution File, Format Version 12.00
# Visual Studio Version 16
VisualStudioVersion = 16.0.30114.105
MinimumVisualStudioVersion = 10.0.40219.1
Project("{2150E333-8FDC-42A3-9474-1A3956D46DE8}") = "src", "src", "{5F32E220-FFCC-4FB5-A81A-1B51515584DC}"
EndProject
Project("{FAE04EC0-301F-11D3-BF4B-00C04F79EFBC}") = "publy.domain", "src\publy.domain\publy.domain.csproj", "{ED320F95-5EAD-490D-BA87-6C2CD1154793}"
EndProject
Project("{FAE04EC0-301F-11D3-BF4B-00C04F79EFBC}") = "publy.services", "src\publy.services\publy.services.csproj", "{76EBDBFB-C071-4217-B4A8-63DB01651AAE}"
EndProject
Project("{FAE04EC0-301F-11D3-BF4B-00C04F79EFBC}") = "publy.infra", "src\publy.infra\publy.infra.csproj", "{C7682907-53A2-4F12-AA27-AE1E56256D2F}"
EndProject
Project("{FAE04EC0-301F-11D3-BF4B-00C04F79EFBC}") = "publy.core", "src\publy.core\publy.core.csproj", "{433645B9-8B03-4451-8B94-54B7249A1BE2}"
EndProject
Project("{FAE04EC0-301F-11D3-BF4B-00C04F79EFBC}") = "publy.api", "src\publy.api\publy.api.csproj", "{DC0E0B5D-BE61-46D6-8A06-4A84E4A1EC38}"
EndProject
Global
	GlobalSection(SolutionConfigurationPlatforms) = preSolution
		Debug|Any CPU = Debug|Any CPU
		Debug|x64 = Debug|x64
		Debug|x86 = Debug|x86
		Release|Any CPU = Release|Any CPU
		Release|x64 = Release|x64
		Release|x86 = Release|x86
	EndGlobalSection
	GlobalSection(SolutionProperties) = preSolution
		HideSolutionNode = FALSE
	EndGlobalSection
	GlobalSection(ProjectConfigurationPlatforms) = postSolution
		{ED320F95-5EAD-490D-BA87-6C2CD1154793}.Debug|Any CPU.ActiveCfg = Debug|Any CPU
		{ED320F95-5EAD-490D-BA87-6C2CD1154793}.Debug|Any CPU.Build.0 = Debug|Any CPU
		{ED320F95-5EAD-490D-BA87-6C2CD1154793}.Debug|x64.ActiveCfg = Debug|Any CPU
		{ED320F95-5EAD-490D-BA87-6C2CD1154793}.Debug|x64.Build.0 = Debug|Any CPU
		{ED320F95-5EAD-490D-BA87-6C2CD1154793}.Debug|x86.ActiveCfg = Debug|Any CPU
		{ED320F95-5EAD-490D-BA87-6C2CD1154793}.Debug|x86.Build.0 = Debug|Any CPU
		{ED320F95-5EAD-490D-BA87-6C2CD1154793}.Release|Any CPU.ActiveCfg = Release|Any CPU
		{ED320F95-5EAD-490D-BA87-6C2CD1154793}.Release|Any CPU.Build.0 = Release|Any CPU
		{ED320F95-5EAD-490D-BA87-6C2CD1154793}.Release|x64.ActiveCfg = Release|Any CPU
		{ED320F95-5EAD-490D-BA87-6C2CD1154793}.Release|x64.Build.0 = Release|Any CPU
		{ED320F95-5EAD-490D-BA87-6C2CD1154793}.Release|x86.ActiveCfg = Release|Any CPU
		{ED320F95-5EAD-490D-BA87-6C2CD1154793}.Release|x86.Build.0 = Release|Any CPU
		{76EBDBFB-C071-4217-B4A8-63DB01651AAE}.Debug|Any CPU.ActiveCfg = Debug|Any CPU
		{76EBDBFB-C071-4217-B4A8-63DB01651AAE}.Debug|Any CPU.Build.0 = Debug|Any CPU
		{76EBDBFB-C071-4217-B4A8-63DB01651AAE}.Debug|x64.ActiveCfg = Debug|Any CPU
		{76EBDBFB-C071-4217-B4A8-63DB01651AAE}.Debug|x64.Build.0 = Debug|Any CPU
		{76EBDBFB-C071-4217-B4A8-63DB01651AAE}.Debug|x86.ActiveCfg = Debug|Any CPU
		{76EBDBFB-C071-4217-B4A8-63DB01651AAE}.Debug|x86.Build.0 = Debug|Any CPU
		{76EBDBFB-C071-4217-B4A8-63DB01651AAE}.Release|Any CPU.ActiveCfg = Release|Any CPU
		{76EBDBFB-C071-4217-B4A8-63DB01651AAE}.Release|Any CPU.Build.0 = Release|Any CPU
		{76EBDBFB-C071-4217-B4A8-63DB01651AAE}.Release|x64.ActiveCfg = Release|Any CPU
		{76EBDBFB-C071-4217-B4A8-63DB01651AAE}.Release|x64.Build.0 = Release|Any CPU
		{76EBDBFB-C071-4217-B4A8-63DB01651AAE}.Release|x86.ActiveCfg = Release|Any CPU
		{76EBDBFB-C071-4217-B4A8-63DB01651AAE}.Release|x86.Build.0 = Release|Any CPU
		{C7682907-53A2-4F12-AA27-AE1E56256D2F}.Debug|Any CPU.ActiveCfg = Debug|Any CPU
		{C7682907-53A2-4F12-AA27-AE1E56256D2F}.Debug|Any CPU.Build.0 = Debug|Any CPU
		{C7682907-53A2-4F12-AA27-AE1E56256D2F}.Debug|x64.ActiveCfg = Debug|Any CPU
		{C7682907-53A2-4F12-AA27-AE1E56256D2F}.Debug|x64.Build.0 = Debug|Any CPU
		{C7682907-53A2-4F12-AA27-AE1E56256D2F}.Debug|x86.ActiveCfg = Debug|Any CPU
		{C7682907-53A2-4F12-AA27-AE1E56256D2F}.Debug|x86.Build.0 = Debug|Any CPU
		{C7682907-53A2-4F12-AA27-AE1E56256D2F}.Release|Any CPU.ActiveCfg = Release|Any CPU
		{C7682907-53A2-4F12-AA27-AE1E56256D2F}.Release|Any CPU.Build.0 = Release|Any CPU
		{C7682907-53A2-4F12-AA27-AE1E56256D2F}.Release|x64.ActiveCfg = Release|Any CPU
		{C7682907-53A2-4F12-AA27-AE1E56256D2F}.Release|x64.Build.0 = Release|Any CPU
		{C7682907-53A2-4F12-AA27-AE1E56256D2F}.Release|x86.ActiveCfg = Release|Any CPU
		{C7682907-53A2-4F12-AA27-AE1E56256D2F}.Release|x86.Build.0 = Release|Any CPU
		{433645B9-8B03-4451-8B94-54B7249A1BE2}.Debug|Any CPU.ActiveCfg = Debug|Any CPU
		{433645B9-8B03-4451-8B94-54B7249A1BE2}.Debug|Any CPU.Build.0 = Debug|Any CPU
		{433645B9-8B03-4451-8B94-54B7249A1BE2}.Debug|x64.ActiveCfg = Debug|Any CPU
		{433645B9-8B03-4451-8B94-54B7249A1BE2}.Debug|x64.Build.0 = Debug|Any CPU
		{433645B9-8B03-4451-8B94-54B7249A1BE2}.Debug|x86.ActiveCfg = Debug|Any CPU
		{433645B9-8B03-4451-8B94-54B7249A1BE2}.Debug|x86.Build.0 = Debug|Any CPU
		{433645B9-8B03-4451-8B94-54B7249A1BE2}.Release|Any CPU.ActiveCfg = Release|Any CPU
		{433645B9-8B03-4451-8B94-54B7249A1BE2}.Release|Any CPU.Build.0 = Release|Any CPU
		{433645B9-8B03-4451-8B94-54B7249A1BE2}.Release|x64.ActiveCfg = Release|Any CPU
		{433645B9-8B03-4451-8B94-54B7249A1BE2}.Release|x64.Build.0 = Release|Any CPU
		{433645B9-8B03-4451-8B94-54B7249A1BE2}.Release|x86.ActiveCfg = Release|Any CPU
		{433645B9-8B03-4451-8B94-54B7249A1BE2}.Release|x86.Build.0 = Release|Any CPU
		{DC0E0B5D-BE61-46D6-8A06-4A84E4A1EC38}.Debug|Any CPU.ActiveCfg = Debug|Any CPU
		{DC0E0B5D-BE61-46D6-8A06-4A84E4A1EC38}.Debug|Any CPU.Build.0 = Debug|Any CPU
		{DC0E0B5D-BE61-46D6-8A06-4A84E4A1EC38}.Debug|x64.ActiveCfg = Debug|Any CPU
		{DC0E0B5D-BE61-46D6-8A06-4A84E4A1EC38}.Debug|x64.Build.0 = Debug|Any CPU
		{DC0E0B5D-BE61-46D6-8A06-4A84E4A1EC38}.Debug|x86.ActiveCfg = Debug|Any CPU
		{DC0E0B5D-BE61-46D6-8A06-4A84E4A1EC38}.Debug|x86.Build.0 = Debug|Any CPU
		{DC0E0B5D-BE61-46D6-8A06-4A84E4A1EC38}.Release|Any CPU.ActiveCfg = Release|Any CPU
		{DC0E0B5D-BE61-46D6-8A06-4A84E4A1EC38}.Release|Any CPU.Build.0 = Release|Any CPU
		{DC0E0B5D-BE61-46D6-8A06-4A84E4A1EC38}.Release|x64.ActiveCfg = Release|Any CPU
		{DC0E0B5D-BE61-46D6-8A06-4A84E4A1EC38}.Release|x64.Build.0 = Release|Any CPU
		{DC0E0B5D-BE61-46D6-8A06-4A84E4A1EC38}.Release|x86.ActiveCfg = Release|Any CPU
		{DC0E0B5D-BE61-46D6-8A06-4A84E4A1EC38}.Release|x86.Build.0 = Release|Any CPU
	EndGlobalSection
	GlobalSection(NestedProjects) = preSolution
		{ED320F95-5EAD-490D-BA87-6C2CD1154793} = {5F32E220-FFCC-4FB5-A81A-1B51515584DC}
		{76EBDBFB-C071-4217-B4A8-63DB01651AAE} = {5F32E220-FFCC-4FB5-A81A-1B51515584DC}
		{C7682907-53A2-4F12-AA27-AE1E56256D2F} = {5F32E220-FFCC-4FB5-A81A-1B51515584DC}
		{433645B9-8B03-4451-8B94-54B7249A1BE2} = {5F32E220-FFCC-4FB5-A81A-1B51515584DC}
		{DC0E0B5D-BE61-46D6-8A06-4A84E4A1EC38} = {5F32E220-FFCC-4FB5-A81A-1B51515584DC}
	EndGlobalSection
EndGlobal
